
Microsoft Visual Studio Solution File, Format Version 12.00
# Visual Studio 15
VisualStudioVersion = 15.0.28010.2046
MinimumVisualStudioVersion = 10.0.40219.1
Project("{9A19103F-16F7-4668-BE54-9A1E7A4F7556}") = "AmortFunctions", "AmortFunctions\AmortFunctions.csproj", "{1841DC57-7F84-47E1-BF4A-337A5E04C69C}"
EndProject
Project("{535C04D7-A2A5-47C7-83E0-B340A995CD1F}") = "CobList", "CobList\CobList.cblproj", "{2D82085B-AAD1-4619-9CA2-B8CD79E26B3E}"
EndProject
Project("{535C04D7-A2A5-47C7-83E0-B340A995CD1F}") = "LoanAmort", "LoanAmort\LoanAmort.cblproj", "{CEA17986-4DD2-4C6C-B7E8-C3E13FA967E4}"
EndProject
Project("{535C04D7-A2A5-47C7-83E0-B340A995CD1F}") = "AmortWPFClient", "WebAPIWPFClient\AmortWPFClient.cblproj", "{895415B0-33A2-4FCE-BA25-DBB77F67E05D}"
EndProject
Global
	GlobalSection(SolutionConfigurationPlatforms) = preSolution
		Debug|Any CPU = Debug|Any CPU
		Release|Any CPU = Release|Any CPU
	EndGlobalSection
	GlobalSection(ProjectConfigurationPlatforms) = postSolution
		{1841DC57-7F84-47E1-BF4A-337A5E04C69C}.Debug|Any CPU.ActiveCfg = Debug|Any CPU
		{1841DC57-7F84-47E1-BF4A-337A5E04C69C}.Debug|Any CPU.Build.0 = Debug|Any CPU
		{1841DC57-7F84-47E1-BF4A-337A5E04C69C}.Release|Any CPU.ActiveCfg = Release|Any CPU
		{1841DC57-7F84-47E1-BF4A-337A5E04C69C}.Release|Any CPU.Build.0 = Release|Any CPU
		{2D82085B-AAD1-4619-9CA2-B8CD79E26B3E}.Debug|Any CPU.ActiveCfg = Debug|Any CPU
		{2D82085B-AAD1-4619-9CA2-B8CD79E26B3E}.Debug|Any CPU.Build.0 = Debug|Any CPU
		{2D82085B-AAD1-4619-9CA2-B8CD79E26B3E}.Release|Any CPU.ActiveCfg = Release|Any CPU
		{2D82085B-AAD1-4619-9CA2-B8CD79E26B3E}.Release|Any CPU.Build.0 = Release|Any CPU
		{CEA17986-4DD2-4C6C-B7E8-C3E13FA967E4}.Debug|Any CPU.ActiveCfg = Debug|Any CPU
		{CEA17986-4DD2-4C6C-B7E8-C3E13FA967E4}.Debug|Any CPU.Build.0 = Debug|Any CPU
		{CEA17986-4DD2-4C6C-B7E8-C3E13FA967E4}.Release|Any CPU.ActiveCfg = Release|Any CPU
		{CEA17986-4DD2-4C6C-B7E8-C3E13FA967E4}.Release|Any CPU.Build.0 = Release|Any CPU
		{895415B0-33A2-4FCE-BA25-DBB77F67E05D}.Debug|Any CPU.ActiveCfg = Debug|Any CPU
		{895415B0-33A2-4FCE-BA25-DBB77F67E05D}.Debug|Any CPU.Build.0 = Debug|Any CPU
		{895415B0-33A2-4FCE-BA25-DBB77F67E05D}.Release|Any CPU.ActiveCfg = Release|Any CPU
		{895415B0-33A2-4FCE-BA25-DBB77F67E05D}.Release|Any CPU.Build.0 = Release|Any CPU
	EndGlobalSection
	GlobalSection(SolutionProperties) = preSolution
		HideSolutionNode = FALSE
	EndGlobalSection
	GlobalSection(ExtensibilityGlobals) = postSolution
		SolutionGuid = {EE9BB1B0-CCF2-4131-B960-A9AD33433C05}
	EndGlobalSection
EndGlobal
