
Microsoft Visual Studio Solution File, Format Version 12.00
# Visual Studio 14
VisualStudioVersion = 14.0.25420.1
MinimumVisualStudioVersion = 10.0.40219.1
Project("{535C04D7-A2A5-47C7-83E0-B340A995CD1F}") = "AmortWPFClient", "AmortWPFClient.cblproj", "{895415B0-33A2-4FCE-BA25-DBB77F67E05D}"
EndProject
Project("{535C04D7-A2A5-47C7-83E0-B340A995CD1F}") = "AmortData", "AmortData\AmortData.cblproj", "{B5FC47C1-E4FA-444D-9C9A-83EC601F6C5D}"
EndProject
Global
	GlobalSection(SolutionConfigurationPlatforms) = preSolution
		Debug|Any CPU = Debug|Any CPU
		Release|Any CPU = Release|Any CPU
	EndGlobalSection
	GlobalSection(ProjectConfigurationPlatforms) = postSolution
		{895415B0-33A2-4FCE-BA25-DBB77F67E05D}.Debug|Any CPU.ActiveCfg = Debug|Any CPU
		{895415B0-33A2-4FCE-BA25-DBB77F67E05D}.Debug|Any CPU.Build.0 = Debug|Any CPU
		{895415B0-33A2-4FCE-BA25-DBB77F67E05D}.Release|Any CPU.ActiveCfg = Release|Any CPU
		{895415B0-33A2-4FCE-BA25-DBB77F67E05D}.Release|Any CPU.Build.0 = Release|Any CPU
		{B5FC47C1-E4FA-444D-9C9A-83EC601F6C5D}.Debug|Any CPU.ActiveCfg = Debug|Any CPU
		{B5FC47C1-E4FA-444D-9C9A-83EC601F6C5D}.Debug|Any CPU.Build.0 = Debug|Any CPU
		{B5FC47C1-E4FA-444D-9C9A-83EC601F6C5D}.Release|Any CPU.ActiveCfg = Release|Any CPU
		{B5FC47C1-E4FA-444D-9C9A-83EC601F6C5D}.Release|Any CPU.Build.0 = Release|Any CPU
	EndGlobalSection
	GlobalSection(SolutionProperties) = preSolution
		HideSolutionNode = FALSE
	EndGlobalSection
EndGlobal
